
Microsoft Visual Studio Solution File, Format Version 12.00
# Visual Studio 15
VisualStudioVersion = 15.0.28307.489
MinimumVisualStudioVersion = 10.0.40219.1
Project("{9A19103F-16F7-4668-BE54-9A1E7A4F7556}") = "AspNetCoreWebApi.Client", "AspNetCoreWebApi.Client\AspNetCoreWebApi.Client.csproj", "{49AFD7F9-8870-45EA-9D1E-D711439371FC}"
EndProject
Project("{9A19103F-16F7-4668-BE54-9A1E7A4F7556}") = "AspNetCoreWebApi.Api", "AspNetCoreWebApi.Api\AspNetCoreWebApi.Api.csproj", "{045E6BBF-14A1-4526-8F25-88888BC9DF40}"
EndProject
Global
	GlobalSection(SolutionConfigurationPlatforms) = preSolution
		Debug|Any CPU = Debug|Any CPU
		Release|Any CPU = Release|Any CPU
	EndGlobalSection
	GlobalSection(ProjectConfigurationPlatforms) = postSolution
		{49AFD7F9-8870-45EA-9D1E-D711439371FC}.Debug|Any CPU.ActiveCfg = Debug|Any CPU
		{49AFD7F9-8870-45EA-9D1E-D711439371FC}.Debug|Any CPU.Build.0 = Debug|Any CPU
		{49AFD7F9-8870-45EA-9D1E-D711439371FC}.Release|Any CPU.ActiveCfg = Release|Any CPU
		{49AFD7F9-8870-45EA-9D1E-D711439371FC}.Release|Any CPU.Build.0 = Release|Any CPU
		{045E6BBF-14A1-4526-8F25-88888BC9DF40}.Debug|Any CPU.ActiveCfg = Debug|Any CPU
		{045E6BBF-14A1-4526-8F25-88888BC9DF40}.Debug|Any CPU.Build.0 = Debug|Any CPU
		{045E6BBF-14A1-4526-8F25-88888BC9DF40}.Release|Any CPU.ActiveCfg = Release|Any CPU
		{045E6BBF-14A1-4526-8F25-88888BC9DF40}.Release|Any CPU.Build.0 = Release|Any CPU
	EndGlobalSection
	GlobalSection(SolutionProperties) = preSolution
		HideSolutionNode = FALSE
	EndGlobalSection
	GlobalSection(ExtensibilityGlobals) = postSolution
		SolutionGuid = {01103606-B357-4F47-AA5F-5C022B99F9E8}
	EndGlobalSection
EndGlobal
